
Microsoft Visual Studio Solution File, Format Version 11.00
# Visual Studio 2010
Project("{FAE04EC0-301F-11D3-BF4B-00C04F79EFBC}") = "KendoUI.Mvc.Web", "src\KendoUI.Mvc.Web\KendoUI.Mvc.Web.csproj", "{A7F7C110-D7F0-49B7-8DDA-FD2D1CC6F3B1}"
EndProject
Project("{FAE04EC0-301F-11D3-BF4B-00C04F79EFBC}") = "KendoUI.Mvc.Tests", "tests\KendoUI.Mvc.Tests\KendoUI.Mvc.Tests.csproj", "{8B8CD7CD-01F9-430B-852A-3B11DE1C2854}"
EndProject
Project("{FAE04EC0-301F-11D3-BF4B-00C04F79EFBC}") = "KendoUI.Mvc.Core", "src\KendoUI.Mvc.Core\KendoUI.Mvc.Core.csproj", "{C87D1045-C6D7-4FE4-AF85-9729F6D70553}"
EndProject
Project("{FAE04EC0-301F-11D3-BF4B-00C04F79EFBC}") = "KendoUI.Mvc.DataViz", "src\KendoUI.Mvc.DataViz\KendoUI.Mvc.DataViz.csproj", "{4622F3CD-B1EE-438A-8824-B2686AEE559A}"
EndProject
Project("{FAE04EC0-301F-11D3-BF4B-00C04F79EFBC}") = "KendoUI.Mvc.Web.Examples", "demos\KendoUI.Mvc.Web.Examples\KendoUI.Mvc.Web.Examples.csproj", "{98DE3BD7-E6ED-4900-A505-810EDE765CA7}"
EndProject
Project("{FAE04EC0-301F-11D3-BF4B-00C04F79EFBC}") = "KendoUI.Mvc.DataViz.Examples", "demos\KendoUI.Mvc.DataViz.Examples\KendoUI.Mvc.DataViz.Examples.csproj", "{BE67C8E5-5C40-42DE-B747-F241602AEE4D}"
EndProject
Global
	GlobalSection(SolutionConfigurationPlatforms) = preSolution
		Debug MVC2|Any CPU = Debug MVC2|Any CPU
		Debug MVC3|Any CPU = Debug MVC3|Any CPU
		Debug|Any CPU = Debug|Any CPU
		Release MVC2|Any CPU = Release MVC2|Any CPU
		Release MVC3|Any CPU = Release MVC3|Any CPU
		Release|Any CPU = Release|Any CPU
	EndGlobalSection
	GlobalSection(ProjectConfigurationPlatforms) = postSolution
		{A7F7C110-D7F0-49B7-8DDA-FD2D1CC6F3B1}.Debug MVC2|Any CPU.ActiveCfg = Debug MVC2|Any CPU
		{A7F7C110-D7F0-49B7-8DDA-FD2D1CC6F3B1}.Debug MVC2|Any CPU.Build.0 = Debug MVC2|Any CPU
		{A7F7C110-D7F0-49B7-8DDA-FD2D1CC6F3B1}.Debug MVC3|Any CPU.ActiveCfg = Debug MVC3|Any CPU
		{A7F7C110-D7F0-49B7-8DDA-FD2D1CC6F3B1}.Debug MVC3|Any CPU.Build.0 = Debug MVC3|Any CPU
		{A7F7C110-D7F0-49B7-8DDA-FD2D1CC6F3B1}.Debug|Any CPU.ActiveCfg = Debug|Any CPU
		{A7F7C110-D7F0-49B7-8DDA-FD2D1CC6F3B1}.Debug|Any CPU.Build.0 = Debug|Any CPU
		{A7F7C110-D7F0-49B7-8DDA-FD2D1CC6F3B1}.Release MVC2|Any CPU.ActiveCfg = Release MVC2|Any CPU
		{A7F7C110-D7F0-49B7-8DDA-FD2D1CC6F3B1}.Release MVC2|Any CPU.Build.0 = Release MVC2|Any CPU
		{A7F7C110-D7F0-49B7-8DDA-FD2D1CC6F3B1}.Release MVC3|Any CPU.ActiveCfg = Release MVC3|Any CPU
		{A7F7C110-D7F0-49B7-8DDA-FD2D1CC6F3B1}.Release MVC3|Any CPU.Build.0 = Release MVC3|Any CPU
		{A7F7C110-D7F0-49B7-8DDA-FD2D1CC6F3B1}.Release|Any CPU.ActiveCfg = Release|Any CPU
		{A7F7C110-D7F0-49B7-8DDA-FD2D1CC6F3B1}.Release|Any CPU.Build.0 = Release|Any CPU
		{8B8CD7CD-01F9-430B-852A-3B11DE1C2854}.Debug MVC2|Any CPU.ActiveCfg = Debug MVC2|Any CPU
		{8B8CD7CD-01F9-430B-852A-3B11DE1C2854}.Debug MVC2|Any CPU.Build.0 = Debug MVC2|Any CPU
		{8B8CD7CD-01F9-430B-852A-3B11DE1C2854}.Debug MVC3|Any CPU.ActiveCfg = Debug MVC3|Any CPU
		{8B8CD7CD-01F9-430B-852A-3B11DE1C2854}.Debug MVC3|Any CPU.Build.0 = Debug MVC3|Any CPU
		{8B8CD7CD-01F9-430B-852A-3B11DE1C2854}.Debug|Any CPU.ActiveCfg = Debug|Any CPU
		{8B8CD7CD-01F9-430B-852A-3B11DE1C2854}.Debug|Any CPU.Build.0 = Debug|Any CPU
		{8B8CD7CD-01F9-430B-852A-3B11DE1C2854}.Release MVC2|Any CPU.ActiveCfg = Release MVC2|Any CPU
		{8B8CD7CD-01F9-430B-852A-3B11DE1C2854}.Release MVC2|Any CPU.Build.0 = Release MVC2|Any CPU
		{8B8CD7CD-01F9-430B-852A-3B11DE1C2854}.Release MVC3|Any CPU.ActiveCfg = Release MVC3|Any CPU
		{8B8CD7CD-01F9-430B-852A-3B11DE1C2854}.Release MVC3|Any CPU.Build.0 = Release MVC3|Any CPU
		{8B8CD7CD-01F9-430B-852A-3B11DE1C2854}.Release|Any CPU.ActiveCfg = Release|Any CPU
		{8B8CD7CD-01F9-430B-852A-3B11DE1C2854}.Release|Any CPU.Build.0 = Release|Any CPU
		{C87D1045-C6D7-4FE4-AF85-9729F6D70553}.Debug MVC2|Any CPU.ActiveCfg = Debug|Any CPU
		{C87D1045-C6D7-4FE4-AF85-9729F6D70553}.Debug MVC2|Any CPU.Build.0 = Debug|Any CPU
		{C87D1045-C6D7-4FE4-AF85-9729F6D70553}.Debug MVC3|Any CPU.ActiveCfg = Debug|Any CPU
		{C87D1045-C6D7-4FE4-AF85-9729F6D70553}.Debug MVC3|Any CPU.Build.0 = Debug|Any CPU
		{C87D1045-C6D7-4FE4-AF85-9729F6D70553}.Debug|Any CPU.ActiveCfg = Debug|Any CPU
		{C87D1045-C6D7-4FE4-AF85-9729F6D70553}.Debug|Any CPU.Build.0 = Debug|Any CPU
		{C87D1045-C6D7-4FE4-AF85-9729F6D70553}.Release MVC2|Any CPU.ActiveCfg = Release|Any CPU
		{C87D1045-C6D7-4FE4-AF85-9729F6D70553}.Release MVC2|Any CPU.Build.0 = Release|Any CPU
		{C87D1045-C6D7-4FE4-AF85-9729F6D70553}.Release MVC3|Any CPU.ActiveCfg = Release|Any CPU
		{C87D1045-C6D7-4FE4-AF85-9729F6D70553}.Release MVC3|Any CPU.Build.0 = Release|Any CPU
		{C87D1045-C6D7-4FE4-AF85-9729F6D70553}.Release|Any CPU.ActiveCfg = Release|Any CPU
		{C87D1045-C6D7-4FE4-AF85-9729F6D70553}.Release|Any CPU.Build.0 = Release|Any CPU
		{4622F3CD-B1EE-438A-8824-B2686AEE559A}.Debug MVC2|Any CPU.ActiveCfg = Debug|Any CPU
		{4622F3CD-B1EE-438A-8824-B2686AEE559A}.Debug MVC2|Any CPU.Build.0 = Debug|Any CPU
		{4622F3CD-B1EE-438A-8824-B2686AEE559A}.Debug MVC3|Any CPU.ActiveCfg = Debug|Any CPU
		{4622F3CD-B1EE-438A-8824-B2686AEE559A}.Debug MVC3|Any CPU.Build.0 = Debug|Any CPU
		{4622F3CD-B1EE-438A-8824-B2686AEE559A}.Debug|Any CPU.ActiveCfg = Debug|Any CPU
		{4622F3CD-B1EE-438A-8824-B2686AEE559A}.Debug|Any CPU.Build.0 = Debug|Any CPU
		{4622F3CD-B1EE-438A-8824-B2686AEE559A}.Release MVC2|Any CPU.ActiveCfg = Release|Any CPU
		{4622F3CD-B1EE-438A-8824-B2686AEE559A}.Release MVC2|Any CPU.Build.0 = Release|Any CPU
		{4622F3CD-B1EE-438A-8824-B2686AEE559A}.Release MVC3|Any CPU.ActiveCfg = Release|Any CPU
		{4622F3CD-B1EE-438A-8824-B2686AEE559A}.Release MVC3|Any CPU.Build.0 = Release|Any CPU
		{4622F3CD-B1EE-438A-8824-B2686AEE559A}.Release|Any CPU.ActiveCfg = Release|Any CPU
		{4622F3CD-B1EE-438A-8824-B2686AEE559A}.Release|Any CPU.Build.0 = Release|Any CPU
		{98DE3BD7-E6ED-4900-A505-810EDE765CA7}.Debug MVC2|Any CPU.ActiveCfg = Debug|Any CPU
		{98DE3BD7-E6ED-4900-A505-810EDE765CA7}.Debug MVC2|Any CPU.Build.0 = Debug|Any CPU
		{98DE3BD7-E6ED-4900-A505-810EDE765CA7}.Debug MVC3|Any CPU.ActiveCfg = Debug|Any CPU
		{98DE3BD7-E6ED-4900-A505-810EDE765CA7}.Debug MVC3|Any CPU.Build.0 = Debug|Any CPU
		{98DE3BD7-E6ED-4900-A505-810EDE765CA7}.Debug|Any CPU.ActiveCfg = Debug|Any CPU
		{98DE3BD7-E6ED-4900-A505-810EDE765CA7}.Debug|Any CPU.Build.0 = Debug|Any CPU
		{98DE3BD7-E6ED-4900-A505-810EDE765CA7}.Release MVC2|Any CPU.ActiveCfg = Release|Any CPU
		{98DE3BD7-E6ED-4900-A505-810EDE765CA7}.Release MVC2|Any CPU.Build.0 = Release|Any CPU
		{98DE3BD7-E6ED-4900-A505-810EDE765CA7}.Release MVC3|Any CPU.ActiveCfg = Release|Any CPU
		{98DE3BD7-E6ED-4900-A505-810EDE765CA7}.Release MVC3|Any CPU.Build.0 = Release|Any CPU
		{98DE3BD7-E6ED-4900-A505-810EDE765CA7}.Release|Any CPU.ActiveCfg = Release|Any CPU
		{98DE3BD7-E6ED-4900-A505-810EDE765CA7}.Release|Any CPU.Build.0 = Release|Any CPU
		{BE67C8E5-5C40-42DE-B747-F241602AEE4D}.Debug MVC2|Any CPU.ActiveCfg = Debug|Any CPU
		{BE67C8E5-5C40-42DE-B747-F241602AEE4D}.Debug MVC2|Any CPU.Build.0 = Debug|Any CPU
		{BE67C8E5-5C40-42DE-B747-F241602AEE4D}.Debug MVC3|Any CPU.ActiveCfg = Debug|Any CPU
		{BE67C8E5-5C40-42DE-B747-F241602AEE4D}.Debug MVC3|Any CPU.Build.0 = Debug|Any CPU
		{BE67C8E5-5C40-42DE-B747-F241602AEE4D}.Debug|Any CPU.ActiveCfg = Debug|Any CPU
		{BE67C8E5-5C40-42DE-B747-F241602AEE4D}.Debug|Any CPU.Build.0 = Debug|Any CPU
		{BE67C8E5-5C40-42DE-B747-F241602AEE4D}.Release MVC2|Any CPU.ActiveCfg = Release|Any CPU
		{BE67C8E5-5C40-42DE-B747-F241602AEE4D}.Release MVC2|Any CPU.Build.0 = Release|Any CPU
		{BE67C8E5-5C40-42DE-B747-F241602AEE4D}.Release MVC3|Any CPU.ActiveCfg = Release|Any CPU
		{BE67C8E5-5C40-42DE-B747-F241602AEE4D}.Release MVC3|Any CPU.Build.0 = Release|Any CPU
		{BE67C8E5-5C40-42DE-B747-F241602AEE4D}.Release|Any CPU.ActiveCfg = Release|Any CPU
		{BE67C8E5-5C40-42DE-B747-F241602AEE4D}.Release|Any CPU.Build.0 = Release|Any CPU
	EndGlobalSection
	GlobalSection(SolutionProperties) = preSolution
		HideSolutionNode = FALSE
	EndGlobalSection
EndGlobal
