
Microsoft Visual Studio Solution File, Format Version 11.00
# Visual Studio 2010
Project("{FAE04EC0-301F-11D3-BF4B-00C04F79EFBC}") = "Kendo.Mvc", "src\Kendo.Mvc\Kendo.Mvc.csproj", "{A7F7C110-D7F0-49B7-8DDA-FD2D1CC6F3B1}"
EndProject
Project("{FAE04EC0-301F-11D3-BF4B-00C04F79EFBC}") = "Kendo.Mvc.Tests", "tests\Kendo.Mvc.Tests\Kendo.Mvc.Tests.csproj", "{8B8CD7CD-01F9-430B-852A-3B11DE1C2854}"
EndProject
Project("{FAE04EC0-301F-11D3-BF4B-00C04F79EFBC}") = "Kendo.Mvc.Examples", "demos\Kendo.Mvc.Examples\Kendo.Mvc.Examples.csproj", "{98DE3BD7-E6ED-4900-A505-810EDE765CA7}"
EndProject
Global
	GlobalSection(SolutionConfigurationPlatforms) = preSolution
		Debug-MVC3|Any CPU = Debug-MVC3|Any CPU
		Debug|Any CPU = Debug|Any CPU
		Release-MVC3|Any CPU = Release-MVC3|Any CPU
		Release|Any CPU = Release|Any CPU
	EndGlobalSection
	GlobalSection(ProjectConfigurationPlatforms) = postSolution
		{A7F7C110-D7F0-49B7-8DDA-FD2D1CC6F3B1}.Debug-MVC3|Any CPU.ActiveCfg = Debug-MVC3|Any CPU
		{A7F7C110-D7F0-49B7-8DDA-FD2D1CC6F3B1}.Debug-MVC3|Any CPU.Build.0 = Debug-MVC3|Any CPU
		{A7F7C110-D7F0-49B7-8DDA-FD2D1CC6F3B1}.Debug|Any CPU.ActiveCfg = Debug|Any CPU
		{A7F7C110-D7F0-49B7-8DDA-FD2D1CC6F3B1}.Debug|Any CPU.Build.0 = Debug|Any CPU
		{A7F7C110-D7F0-49B7-8DDA-FD2D1CC6F3B1}.Release-MVC3|Any CPU.ActiveCfg = Release-MVC3|Any CPU
		{A7F7C110-D7F0-49B7-8DDA-FD2D1CC6F3B1}.Release-MVC3|Any CPU.Build.0 = Release-MVC3|Any CPU
		{A7F7C110-D7F0-49B7-8DDA-FD2D1CC6F3B1}.Release|Any CPU.ActiveCfg = Release|Any CPU
		{A7F7C110-D7F0-49B7-8DDA-FD2D1CC6F3B1}.Release|Any CPU.Build.0 = Release|Any CPU
		{8B8CD7CD-01F9-430B-852A-3B11DE1C2854}.Debug-MVC3|Any CPU.ActiveCfg = Debug-MVC3|Any CPU
		{8B8CD7CD-01F9-430B-852A-3B11DE1C2854}.Debug-MVC3|Any CPU.Build.0 = Debug-MVC3|Any CPU
		{8B8CD7CD-01F9-430B-852A-3B11DE1C2854}.Debug|Any CPU.ActiveCfg = Debug|Any CPU
		{8B8CD7CD-01F9-430B-852A-3B11DE1C2854}.Debug|Any CPU.Build.0 = Debug|Any CPU
		{8B8CD7CD-01F9-430B-852A-3B11DE1C2854}.Release-MVC3|Any CPU.ActiveCfg = Release-MVC3|Any CPU
		{8B8CD7CD-01F9-430B-852A-3B11DE1C2854}.Release-MVC3|Any CPU.Build.0 = Release-MVC3|Any CPU
		{8B8CD7CD-01F9-430B-852A-3B11DE1C2854}.Release|Any CPU.ActiveCfg = Release|Any CPU
		{8B8CD7CD-01F9-430B-852A-3B11DE1C2854}.Release|Any CPU.Build.0 = Release|Any CPU
		{98DE3BD7-E6ED-4900-A505-810EDE765CA7}.Debug-MVC3|Any CPU.ActiveCfg = Debug-MVC3|Any CPU
		{98DE3BD7-E6ED-4900-A505-810EDE765CA7}.Debug-MVC3|Any CPU.Build.0 = Debug-MVC3|Any CPU
		{98DE3BD7-E6ED-4900-A505-810EDE765CA7}.Debug|Any CPU.ActiveCfg = Debug|Any CPU
		{98DE3BD7-E6ED-4900-A505-810EDE765CA7}.Debug|Any CPU.Build.0 = Debug|Any CPU
		{98DE3BD7-E6ED-4900-A505-810EDE765CA7}.Release-MVC3|Any CPU.ActiveCfg = Release-MVC3|Any CPU
		{98DE3BD7-E6ED-4900-A505-810EDE765CA7}.Release-MVC3|Any CPU.Build.0 = Release-MVC3|Any CPU
		{98DE3BD7-E6ED-4900-A505-810EDE765CA7}.Release|Any CPU.ActiveCfg = Release|Any CPU
		{98DE3BD7-E6ED-4900-A505-810EDE765CA7}.Release|Any CPU.Build.0 = Release|Any CPU
	EndGlobalSection
	GlobalSection(SolutionProperties) = preSolution
		HideSolutionNode = FALSE
	EndGlobalSection
EndGlobal
